{
  "name": "bombadil",
  "version": "1.0.0",
  "lockfileVersion": 3,
  "requires": true,
  "packages": {
    "": {
      "name": "bombadil",
      "version": "1.0.0",
      "license": "ISC",
      "devDependencies": {
        "@antithesishq/bombadil": "^0.3.2"
      }
    },
    "node_modules/@antithesishq/bombadil": {
      "version": "0.3.2",
      "resolved": "https://registry.npmjs.org/@antithesishq/bombadil/-/bombadil-0.3.2.tgz",
      "integrity": "sha512-ATy1w9ZY5gbny1H8DFc7rxZitT7DLLLFDiGcRZe+8TQiUrV5tLO+IJGOVNNLp3RpCqjZqSsxGiKoQsx31ipV1g==",
      "dev": true,
      "license": "MIT"
    }
  }
}
